<?xml version="1.0" encoding="utf-8"?>
<Project ToolsVersion="4.0" xmlns="http://schemas.microsoft.com/developer/msbuild/2003">
  <ItemGroup>
    <Filter Include="Common">
      <UniqueIdentifier>f32329a3-cc70-4f2f-8186-324a5b3dbf61</UniqueIdentifier>
    </Filter>
    <Filter Include="Assets">
      <UniqueIdentifier>4877be50-d82b-49ce-b825-5f640c3498cf</UniqueIdentifier>
      <Extensions>ico;cur;bmp;dds;dlg;fbx;rct;bin;rgs;gif;jpg;jpeg;jpe;resx;tga;tiff;tif;png;wav;mfcribbon-ms</Extensions>
    </Filter>
    <Filter Include="Game">
      <UniqueIdentifier>{a0e98398-99a2-486f-b9a3-05fb6f42f2e5}</UniqueIdentifier>
    </Filter>
    <Filter Include="Game\Component">
      <UniqueIdentifier>{e32c75a7-da0e-49d0-9179-9aa310725125}</UniqueIdentifier>
    </Filter>
    <Filter Include="Game\Scene">
      <UniqueIdentifier>{29b7dfcf-84bb-4f64-8cf8-3f301d1fa2bc}</UniqueIdentifier>
    </Filter>
    <Filter Include="Game\ResourceManager">
      <UniqueIdentifier>{5eef1fe5-dfc5-47f7-b9b8-a677dddeb6c9}</UniqueIdentifier>
    </Filter>
    <Filter Include="Game\GameObject">
      <UniqueIdentifier>{f9deb155-1a85-47c1-a424-c1073da86613}</UniqueIdentifier>
    </Filter>
    <Filter Include="Game\CollsionManager">
      <UniqueIdentifier>{a4fa7639-348b-437a-aadb-eebace9c4dcf}</UniqueIdentifier>
    </Filter>
    <Filter Include="Game\Common">
      <UniqueIdentifier>{b24820ea-9bdf-4bb6-bb58-a43386d3e661}</UniqueIdentifier>
    </Filter>
    <Filter Include="Game\Renderer">
      <UniqueIdentifier>{adad8435-81bf-4d1a-96fd-3dd0b57eedf7}</UniqueIdentifier>
    </Filter>
    <Filter Include="Game\GameObject\Player">
      <UniqueIdentifier>{354947cc-107b-46c0-a892-008eaa1ac21c}</UniqueIdentifier>
    </Filter>
    <Filter Include="Game\State">
      <UniqueIdentifier>{f9066145-8684-4407-a536-7a639b9f95f6}</UniqueIdentifier>
    </Filter>
    <Filter Include="Game\State\PlayerState">
      <UniqueIdentifier>{3787f6e5-d405-40fc-b105-d13a8c1f3835}</UniqueIdentifier>
    </Filter>
    <Filter Include="Game\GameObject\Enemy">
      <UniqueIdentifier>{30491c6b-0a55-47f8-9ed7-a1935ba43089}</UniqueIdentifier>
    </Filter>
    <Filter Include="Game\State\EnemyState">
      <UniqueIdentifier>{76140965-af0e-4dd0-9e16-e87cdba8bdd8}</UniqueIdentifier>
    </Filter>
    <Filter Include="Game\Interface">
      <UniqueIdentifier>{4443c768-e6c9-42e0-aeb3-5cdec1233a59}</UniqueIdentifier>
    </Filter>
    <Filter Include="Game\ServiceLocator">
      <UniqueIdentifier>{12c09a80-0442-45f7-b6be-55ca9c8513f0}</UniqueIdentifier>
    </Filter>
    <Filter Include="Game\Engine">
      <UniqueIdentifier>{054a8c06-6a5d-4375-a7e5-576939b23d39}</UniqueIdentifier>
    </Filter>
    <Filter Include="Game\Context">
      <UniqueIdentifier>{54930483-4af3-46bd-817a-10ed53f56fa9}</UniqueIdentifier>
    </Filter>
    <Filter Include="Game\Geometory">
      <UniqueIdentifier>{bcd5b5de-478c-4a92-9c2c-e79f13e17105}</UniqueIdentifier>
    </Filter>
    <Filter Include="Game\SoundPlayer">
      <UniqueIdentifier>{95d5e292-da18-48f3-b1f8-fbd1681bbd8c}</UniqueIdentifier>
    </Filter>
    <Filter Include="Game\Component\Default">
      <UniqueIdentifier>{4d4fcd7f-9de6-4ea5-8a3c-a7dfd4f7b212}</UniqueIdentifier>
    </Filter>
    <Filter Include="Game\Component\Default\Collider">
      <UniqueIdentifier>{cadfcd69-48fa-442a-8853-6cb1cdc59f31}</UniqueIdentifier>
    </Filter>
    <Filter Include="Game\Camera">
      <UniqueIdentifier>{c99422db-8071-42f4-9497-3bbbd18e0b8b}</UniqueIdentifier>
    </Filter>
    <Filter Include="Game\GameObject\UIObject">
      <UniqueIdentifier>{0fe180a6-d2e2-415f-b4a8-433f0fc9aa25}</UniqueIdentifier>
    </Filter>
    <Filter Include="Game\Color">
      <UniqueIdentifier>{e5508e09-70cd-4bc8-a112-2ef8117b9aa3}</UniqueIdentifier>
    </Filter>
    <Filter Include="Game\Component\UI">
      <UniqueIdentifier>{19e466e7-e005-4464-93f8-19524655f69c}</UniqueIdentifier>
    </Filter>
    <Filter Include="Game\Component\Stage">
      <UniqueIdentifier>{5d7073dc-90d4-4d69-ac03-34c8192a56f1}</UniqueIdentifier>
    </Filter>
    <Filter Include="Game\Component\Camera">
      <UniqueIdentifier>{b3fe8481-4a34-4e3b-8eb8-894d0f356c8d}</UniqueIdentifier>
    </Filter>
    <Filter Include="Game\Component\Player">
      <UniqueIdentifier>{f8f01280-9b7f-402d-b440-36d05e45f4a3}</UniqueIdentifier>
    </Filter>
    <Filter Include="Game\Component\Ball">
      <UniqueIdentifier>{05b61d77-2d90-44ca-9df6-079fc0b861a1}</UniqueIdentifier>
    </Filter>
    <Filter Include="Game\Component\Enemy">
      <UniqueIdentifier>{06240ab4-b3ff-4a22-94ec-32839e71df1c}</UniqueIdentifier>
    </Filter>
  </ItemGroup>
  <ItemGroup>
    <ClInclude Include="pch.h" />
    <ClInclude Include="Game.h" />
    <ClInclude Include="StepTimer.h">
      <Filter>Common</Filter>
    </ClInclude>
    <ClInclude Include="DeviceResources.h">
      <Filter>Common</Filter>
    </ClInclude>
    <ClInclude Include="Game\Scene\Scene.h">
      <Filter>Game\Scene</Filter>
    </ClInclude>
    <ClInclude Include="Game\Scene\SceneManager.h">
      <Filter>Game\Scene</Filter>
    </ClInclude>
    <ClInclude Include="Game\ResourceManager\ModelManager.h">
      <Filter>Game\ResourceManager</Filter>
    </ClInclude>
    <ClInclude Include="Game\ResourceManager\ResourceManager.h">
      <Filter>Game\ResourceManager</Filter>
    </ClInclude>
    <ClInclude Include="Game\GameObject\GameObject.h">
      <Filter>Game\GameObject</Filter>
    </ClInclude>
    <ClInclude Include="Game\Scene\GameScene.h">
      <Filter>Game\Scene</Filter>
    </ClInclude>
    <ClInclude Include="Game\CollisionManager\Collision.h">
      <Filter>Game\CollsionManager</Filter>
    </ClInclude>
    <ClInclude Include="Game\GameObject\Ball.h">
      <Filter>Game\GameObject</Filter>
    </ClInclude>
    <ClInclude Include="Game\Common\GameCamera.h">
      <Filter>Game\Common</Filter>
    </ClInclude>
    <ClInclude Include="Game\GameObject\Stage.h">
      <Filter>Game\GameObject</Filter>
    </ClInclude>
    <ClInclude Include="Game\Common\InputSystem.h">
      <Filter>Game\Common</Filter>
    </ClInclude>
    <ClInclude Include="Game\Renderer\PrimitiveRendererManager.h">
      <Filter>Game\Renderer</Filter>
    </ClInclude>
    <ClInclude Include="Game\Common\TimeManager.h">
      <Filter>Game\Common</Filter>
    </ClInclude>
    <ClInclude Include="Game\Renderer\ModelRendererManager.h">
      <Filter>Game\Renderer</Filter>
    </ClInclude>
    <ClInclude Include="Game\State\StateBase.h">
      <Filter>Game\State</Filter>
    </ClInclude>
    <ClInclude Include="Game\State\StateMachine.h">
      <Filter>Game\State</Filter>
    </ClInclude>
    <ClInclude Include="Game\GameObject\Player\Player.h">
      <Filter>Game\GameObject\Player</Filter>
    </ClInclude>
    <ClInclude Include="Game\State\Player\PlayerMoveState.h">
      <Filter>Game\State\PlayerState</Filter>
    </ClInclude>
    <ClInclude Include="Game\State\Player\PlayerJumpState.h">
      <Filter>Game\State\PlayerState</Filter>
    </ClInclude>
    <ClInclude Include="Game\CollisionManager\CollisionLayerMask.h">
      <Filter>Game\CollsionManager</Filter>
    </ClInclude>
    <ClInclude Include="Game\CollisionManager\CollisionManager.h">
      <Filter>Game\CollsionManager</Filter>
    </ClInclude>
    <ClInclude Include="Game\CollisionManager\IsCollisionTable.h">
      <Filter>Game\CollsionManager</Filter>
    </ClInclude>
    <ClInclude Include="Game\CollisionManager\ResolveCollisionTable.h">
      <Filter>Game\CollsionManager</Filter>
    </ClInclude>
    <ClInclude Include="Game\GameObject\Enemy\Enemy.h">
      <Filter>Game\GameObject\Enemy</Filter>
    </ClInclude>
    <ClInclude Include="Game\State\Enemy\EnemyWanderState.h">
      <Filter>Game\State\EnemyState</Filter>
    </ClInclude>
    <ClInclude Include="Game\Common\Random.h">
      <Filter>Game\Common</Filter>
    </ClInclude>
    <ClInclude Include="Game\State\Player\PlayerAttackState.h">
      <Filter>Game\State\PlayerState</Filter>
    </ClInclude>
    <ClInclude Include="Game\Scene\ISceneController.h">
      <Filter>Game\Scene</Filter>
    </ClInclude>
    <ClInclude Include="Game\Interface\IModelManager.h">
      <Filter>Game\Interface</Filter>
    </ClInclude>
    <ClInclude Include="Game\Interface\IModelRendererManager.h">
      <Filter>Game\Interface</Filter>
    </ClInclude>
    <ClInclude Include="Game\Interface\IPrimitiveRendererManager.h">
      <Filter>Game\Interface</Filter>
    </ClInclude>
    <ClInclude Include="Game\ServiceLocator\ServiceLocator.h">
      <Filter>Game\ServiceLocator</Filter>
    </ClInclude>
    <ClInclude Include="Game\ServiceLocator\Service.h">
      <Filter>Game\ServiceLocator</Filter>
    </ClInclude>
    <ClInclude Include="Game\ServiceLocator\ITimeService.h">
      <Filter>Game\ServiceLocator</Filter>
    </ClInclude>
    <ClInclude Include="Game\Engine\Time.h">
      <Filter>Game\Engine</Filter>
    </ClInclude>
    <ClInclude Include="Game\ServiceLocator\IInputService.h">
      <Filter>Game\ServiceLocator</Filter>
    </ClInclude>
    <ClInclude Include="Game\Engine\Input.h">
      <Filter>Game\Engine</Filter>
    </ClInclude>
    <ClInclude Include="Game\ResourceManager\SpriteManager.h">
      <Filter>Game\ResourceManager</Filter>
    </ClInclude>
    <ClInclude Include="Game\Renderer\SpriteRendererManager.h">
      <Filter>Game\Renderer</Filter>
    </ClInclude>
    <ClInclude Include="Game\Interface\ISpriteManager.h">
      <Filter>Game\Interface</Filter>
    </ClInclude>
    <ClInclude Include="Game\Interface\ISpriteRendererManager.h">
      <Filter>Game\Interface</Filter>
    </ClInclude>
    <ClInclude Include="Game\Context\RenderContext.h">
      <Filter>Game\Context</Filter>
    </ClInclude>
    <ClInclude Include="Game\Context\ResourceContext.h">
      <Filter>Game\Context</Filter>
    </ClInclude>
    <ClInclude Include="Game\Context\GameContext.h">
      <Filter>Game\Context</Filter>
    </ClInclude>
    <ClInclude Include="Game\Interface\ITextRendererManager.h">
      <Filter>Game\Interface</Filter>
    </ClInclude>
    <ClInclude Include="Game\Renderer\TextRendererManager.h">
      <Filter>Game\Renderer</Filter>
    </ClInclude>
    <ClInclude Include="Game\ResourceManager\SoundManager.h">
      <Filter>Game\ResourceManager</Filter>
    </ClInclude>
    <ClInclude Include="Game\GameObject\IGameObject.h">
      <Filter>Game\GameObject</Filter>
    </ClInclude>
    <ClInclude Include="Game\Interface\ISoundPlayer.h">
      <Filter>Game\Interface</Filter>
    </ClInclude>
    <ClInclude Include="Game\SoundPlayer\SoundPlayer.h">
      <Filter>Game\SoundPlayer</Filter>
    </ClInclude>
    <ClInclude Include="Game\Interface\ISoundManager.h">
      <Filter>Game\Interface</Filter>
    </ClInclude>
    <ClInclude Include="Game\State\StateContext.h">
      <Filter>Game\State</Filter>
    </ClInclude>
    <ClInclude Include="Game\State\Player\PlayerStateContext.h">
      <Filter>Game\State\PlayerState</Filter>
    </ClInclude>
    <ClInclude Include="Game\State\Player\PlayerStateBase.h">
      <Filter>Game\State\PlayerState</Filter>
    </ClInclude>
    <ClInclude Include="Game\State\Enemy\EnemyStateBase.h">
      <Filter>Game\State\EnemyState</Filter>
    </ClInclude>
    <ClInclude Include="Game\State\Enemy\EnemyStateContext.h">
      <Filter>Game\State\EnemyState</Filter>
    </ClInclude>
    <ClInclude Include="Game\Component\Default\Collider\Collider.h">
      <Filter>Game\Component\Default\Collider</Filter>
    </ClInclude>
    <ClInclude Include="Game\Component\Default\Collider\Mesh.h">
      <Filter>Game\Component\Default\Collider</Filter>
    </ClInclude>
    <ClInclude Include="Game\Component\Default\Collider\Plane.h">
      <Filter>Game\Component\Default\Collider</Filter>
    </ClInclude>
    <ClInclude Include="Game\Component\Default\Collider\Segment.h">
      <Filter>Game\Component\Default\Collider</Filter>
    </ClInclude>
    <ClInclude Include="Game\Component\Default\Collider\Sphere.h">
      <Filter>Game\Component\Default\Collider</Filter>
    </ClInclude>
    <ClInclude Include="Game\Component\Default\Collider\Triangle.h">
      <Filter>Game\Component\Default\Collider</Filter>
    </ClInclude>
    <ClInclude Include="Game\Component\Default\Component.h">
      <Filter>Game\Component\Default</Filter>
    </ClInclude>
    <ClInclude Include="Game\Component\Default\ModelRenderer.h">
      <Filter>Game\Component\Default</Filter>
    </ClInclude>
    <ClInclude Include="Game\Component\Default\RigidBody.h">
      <Filter>Game\Component\Default</Filter>
    </ClInclude>
    <ClInclude Include="Game\Component\Default\SpriteRenderer.h">
      <Filter>Game\Component\Default</Filter>
    </ClInclude>
    <ClInclude Include="Game\Component\Default\Transform.h">
      <Filter>Game\Component\Default</Filter>
    </ClInclude>
    <ClInclude Include="Game\GameObject\UIObject\Panel.h">
      <Filter>Game\GameObject\UIObject</Filter>
    </ClInclude>
    <ClInclude Include="Game\Component\Default\RectTransform.h">
      <Filter>Game\Component\Default</Filter>
    </ClInclude>
    <ClInclude Include="Game\Context\UIContext.h">
      <Filter>Game\Context</Filter>
    </ClInclude>
    <ClInclude Include="Game\GameObject\UIObject\GamePanel.h">
      <Filter>Game\GameObject\UIObject</Filter>
    </ClInclude>
    <ClInclude Include="Game\Common\Screen.h">
      <Filter>Game\Common</Filter>
    </ClInclude>
    <ClInclude Include="Game\Component\Default\TextRenderer.h">
      <Filter>Game\Component\Default</Filter>
    </ClInclude>
    <ClInclude Include="Game\ResourceManager\TextManager.h">
      <Filter>Game\ResourceManager</Filter>
    </ClInclude>
    <ClInclude Include="Game\Interface\ITextManager.h">
      <Filter>Game\Interface</Filter>
    </ClInclude>
    <ClInclude Include="Game\GameObject\UIObject\TextObject.h">
      <Filter>Game\GameObject\UIObject</Filter>
    </ClInclude>
    <ClInclude Include="Game\GameObject\UIObject\Object2D.h">
      <Filter>Game\GameObject\UIObject</Filter>
    </ClInclude>
    <ClInclude Include="Game\Color\GameColor.h">
      <Filter>Game\Color</Filter>
    </ClInclude>
    <ClInclude Include="Game\Component\AttackGaugeController.h">
      <Filter>Game\Component\UI</Filter>
    </ClInclude>
    <ClInclude Include="Game\Component\EnemyHpGaugeController.h">
      <Filter>Game\Component\UI</Filter>
    </ClInclude>
    <ClInclude Include="Game\Component\FloorMeshGaugeController.h">
      <Filter>Game\Component\UI</Filter>
    </ClInclude>
    <ClInclude Include="Game\Component\IFloorMeshGetter.h">
      <Filter>Game\Component\Stage</Filter>
    </ClInclude>
    <ClInclude Include="Game\Component\IPaintConsumer.h">
      <Filter>Game\Component\Stage</Filter>
    </ClInclude>
    <ClInclude Include="Game\Component\IWallMeshGetter.h">
      <Filter>Game\Component\Stage</Filter>
    </ClInclude>
    <ClInclude Include="Game\Component\StageController.h">
      <Filter>Game\Component\Stage</Filter>
    </ClInclude>
    <ClInclude Include="Game\Component\ICamera.h">
      <Filter>Game\Component\Camera</Filter>
    </ClInclude>
    <ClInclude Include="Game\Component\TargetCamera.h">
      <Filter>Game\Component\Camera</Filter>
    </ClInclude>
    <ClInclude Include="Game\Component\PlayerController.h">
      <Filter>Game\Component\Player</Filter>
    </ClInclude>
    <ClInclude Include="Game\Component\PlayerStatusController.h">
      <Filter>Game\Component\Player</Filter>
    </ClInclude>
    <ClInclude Include="Game\Component\BallController.h">
      <Filter>Game\Component\Ball</Filter>
    </ClInclude>
    <ClInclude Include="Game\Component\EnemyController.h">
      <Filter>Game\Component\Enemy</Filter>
    </ClInclude>
    <ClInclude Include="Game\Component\GameCameraController.h">
      <Filter>Game\Component\Camera</Filter>
    </ClInclude>
  </ItemGroup>
  <ItemGroup>
    <ClCompile Include="pch.cpp" />
    <ClCompile Include="Game.cpp" />
    <ClCompile Include="Main.cpp" />
    <ClCompile Include="DeviceResources.cpp">
      <Filter>Common</Filter>
    </ClCompile>
    <ClCompile Include="Game\Scene\Scene.cpp">
      <Filter>Game\Scene</Filter>
    </ClCompile>
    <ClCompile Include="Game\Scene\SceneManager.cpp">
      <Filter>Game\Scene</Filter>
    </ClCompile>
    <ClCompile Include="Game\ResourceManager\ModelManager.cpp">
      <Filter>Game\ResourceManager</Filter>
    </ClCompile>
    <ClCompile Include="Game\ResourceManager\ResourceManager.cpp">
      <Filter>Game\ResourceManager</Filter>
    </ClCompile>
    <ClCompile Include="Game\GameObject\GameObject.cpp">
      <Filter>Game\GameObject</Filter>
    </ClCompile>
    <ClCompile Include="Game\Scene\GameScene.cpp">
      <Filter>Game\Scene</Filter>
    </ClCompile>
    <ClCompile Include="Game\CollisionManager\Collision.cpp">
      <Filter>Game\CollsionManager</Filter>
    </ClCompile>
    <ClCompile Include="Game\GameObject\Ball.cpp">
      <Filter>Game\GameObject</Filter>
    </ClCompile>
    <ClCompile Include="Game\Common\GameCamera.cpp">
      <Filter>Game\Common</Filter>
    </ClCompile>
    <ClCompile Include="Game\GameObject\Stage.cpp">
      <Filter>Game\GameObject</Filter>
    </ClCompile>
    <ClCompile Include="Game\Common\InputSystem.cpp">
      <Filter>Game\Common</Filter>
    </ClCompile>
    <ClCompile Include="Game\Renderer\PrimitiveRendererManager.cpp">
      <Filter>Game\Renderer</Filter>
    </ClCompile>
    <ClCompile Include="Game\Renderer\ModelRendererManager.cpp">
      <Filter>Game\Renderer</Filter>
    </ClCompile>
    <ClCompile Include="Game\GameObject\Player\Player.cpp">
      <Filter>Game\GameObject\Player</Filter>
    </ClCompile>
    <ClCompile Include="Game\State\Player\PlayerJumpState.cpp">
      <Filter>Game\State\PlayerState</Filter>
    </ClCompile>
    <ClCompile Include="Game\State\Player\PlayerMoveState.cpp">
      <Filter>Game\State\PlayerState</Filter>
    </ClCompile>
    <ClCompile Include="Game\GameObject\Enemy\Enemy.cpp">
      <Filter>Game\GameObject\Enemy</Filter>
    </ClCompile>
    <ClCompile Include="Game\CollisionManager\ResolveCollisionTable.cpp">
      <Filter>Game\CollsionManager</Filter>
    </ClCompile>
    <ClCompile Include="Game\State\Enemy\EnemyWanderState.cpp">
      <Filter>Game\State\EnemyState</Filter>
    </ClCompile>
    <ClCompile Include="Game\CollisionManager\CollisionManager.cpp">
      <Filter>Game\CollsionManager</Filter>
    </ClCompile>
    <ClCompile Include="Game\CollisionManager\IsCollisionTable.cpp">
      <Filter>Game\CollsionManager</Filter>
    </ClCompile>
    <ClCompile Include="Game\State\Player\PlayerAttackState.cpp">
      <Filter>Game\State\PlayerState</Filter>
    </ClCompile>
    <ClCompile Include="Game\ResourceManager\SpriteManager.cpp">
      <Filter>Game\ResourceManager</Filter>
    </ClCompile>
    <ClCompile Include="Game\Renderer\SpriteRendererManager.cpp">
      <Filter>Game\Renderer</Filter>
    </ClCompile>
    <ClCompile Include="Game\Renderer\TextRendererManager.cpp">
      <Filter>Game\Renderer</Filter>
    </ClCompile>
    <ClCompile Include="Game\SoundPlayer\SoundPlayer.cpp">
      <Filter>Game\SoundPlayer</Filter>
    </ClCompile>
    <ClCompile Include="Game\ResourceManager\SoundManager.cpp">
      <Filter>Game\ResourceManager</Filter>
    </ClCompile>
    <ClCompile Include="Game\Component\Default\Collider\Collider.cpp">
      <Filter>Game\Component\Default\Collider</Filter>
    </ClCompile>
    <ClCompile Include="Game\Component\Default\Collider\Mesh.cpp">
      <Filter>Game\Component\Default\Collider</Filter>
    </ClCompile>
    <ClCompile Include="Game\Component\Default\Collider\Plane.cpp">
      <Filter>Game\Component\Default\Collider</Filter>
    </ClCompile>
    <ClCompile Include="Game\Component\Default\Collider\Segment.cpp">
      <Filter>Game\Component\Default\Collider</Filter>
    </ClCompile>
    <ClCompile Include="Game\Component\Default\Collider\Sphere.cpp">
      <Filter>Game\Component\Default\Collider</Filter>
    </ClCompile>
    <ClCompile Include="Game\Component\Default\Collider\Triangle.cpp">
      <Filter>Game\Component\Default\Collider</Filter>
    </ClCompile>
    <ClCompile Include="Game\Component\Default\ModelRenderer.cpp">
      <Filter>Game\Component\Default</Filter>
    </ClCompile>
    <ClCompile Include="Game\Component\Default\RigidBody.cpp">
      <Filter>Game\Component\Default</Filter>
    </ClCompile>
    <ClCompile Include="Game\Component\Default\SpriteRenderer.cpp">
      <Filter>Game\Component\Default</Filter>
    </ClCompile>
    <ClCompile Include="Game\Component\Default\Transform.cpp">
      <Filter>Game\Component\Default</Filter>
    </ClCompile>
    <ClCompile Include="Game\GameObject\UIObject\Panel.cpp">
      <Filter>Game\GameObject\UIObject</Filter>
    </ClCompile>
    <ClCompile Include="Game\Component\Default\RectTransform.cpp">
      <Filter>Game\Component\Default</Filter>
    </ClCompile>
    <ClCompile Include="Game\Component\Default\Component.cpp">
      <Filter>Game\Component\Default</Filter>
    </ClCompile>
    <ClCompile Include="Game\ResourceManager\TextManager.cpp">
      <Filter>Game\ResourceManager</Filter>
    </ClCompile>
    <ClCompile Include="Game\Component\Default\TextRenderer.cpp">
      <Filter>Game\Component\Default</Filter>
    </ClCompile>
    <ClCompile Include="Game\GameObject\UIObject\GamePanel.cpp">
      <Filter>Game\GameObject\UIObject</Filter>
    </ClCompile>
    <ClCompile Include="Game\Common\Screen.cpp">
      <Filter>Game\Common</Filter>
    </ClCompile>
    <ClCompile Include="Game\GameObject\UIObject\Object2D.cpp">
      <Filter>Game\GameObject\UIObject</Filter>
    </ClCompile>
    <ClCompile Include="Game\GameObject\UIObject\TextObject.cpp">
      <Filter>Game\GameObject\UIObject</Filter>
    </ClCompile>
    <ClCompile Include="Game\Component\AttackGaugeController.cpp">
      <Filter>Game\Component\UI</Filter>
    </ClCompile>
    <ClCompile Include="Game\Component\EnemyHpGaugeController.cpp">
      <Filter>Game\Component\UI</Filter>
    </ClCompile>
    <ClCompile Include="Game\Component\FloorMeshGaugeController.cpp">
      <Filter>Game\Component\UI</Filter>
    </ClCompile>
    <ClCompile Include="Game\Component\StageController.cpp">
      <Filter>Game\Component\Stage</Filter>
    </ClCompile>
    <ClCompile Include="Game\Component\TargetCamera.cpp">
      <Filter>Game\Component\Camera</Filter>
    </ClCompile>
    <ClCompile Include="Game\Component\PlayerController.cpp">
      <Filter>Game\Component\Player</Filter>
    </ClCompile>
    <ClCompile Include="Game\Component\PlayerStatusController.cpp">
      <Filter>Game\Component\Player</Filter>
    </ClCompile>
    <ClCompile Include="Game\Component\BallController.cpp">
      <Filter>Game\Component\Ball</Filter>
    </ClCompile>
    <ClCompile Include="Game\Component\EnemyController.cpp">
      <Filter>Game\Component\Enemy</Filter>
    </ClCompile>
    <ClCompile Include="Game\Component\GameCameraController.cpp" />
  </ItemGroup>
  <ItemGroup>
    <ResourceCompile Include="resource.rc" />
  </ItemGroup>
  <ItemGroup>
    <Image Include="directx.ico">
      <Filter>Assets</Filter>
    </Image>
  </ItemGroup>
  <ItemGroup>
    <Manifest Include="settings.manifest">
      <Filter>Assets</Filter>
    </Manifest>
  </ItemGroup>
  <ItemGroup>
    <None Include="packages.config" />
    <None Include="ClassDiagram.cd" />
  </ItemGroup>
</Project>