<?xml version="1.0" encoding="utf-8"?>
<Project ToolsVersion="4.0" xmlns="http://schemas.microsoft.com/developer/msbuild/2003">
  <ItemGroup>
    <Filter Include="Common">
      <UniqueIdentifier>f32329a3-cc70-4f2f-8186-324a5b3dbf61</UniqueIdentifier>
    </Filter>
    <Filter Include="Assets">
      <UniqueIdentifier>4877be50-d82b-49ce-b825-5f640c3498cf</UniqueIdentifier>
      <Extensions>ico;cur;bmp;dds;dlg;fbx;rct;bin;rgs;gif;jpg;jpeg;jpe;resx;tga;tiff;tif;png;wav;mfcribbon-ms</Extensions>
    </Filter>
    <Filter Include="Game">
      <UniqueIdentifier>{a0e98398-99a2-486f-b9a3-05fb6f42f2e5}</UniqueIdentifier>
    </Filter>
    <Filter Include="Game\Component">
      <UniqueIdentifier>{e32c75a7-da0e-49d0-9179-9aa310725125}</UniqueIdentifier>
    </Filter>
    <Filter Include="Game\Scene">
      <UniqueIdentifier>{29b7dfcf-84bb-4f64-8cf8-3f301d1fa2bc}</UniqueIdentifier>
    </Filter>
    <Filter Include="Game\ResourceManager">
      <UniqueIdentifier>{5eef1fe5-dfc5-47f7-b9b8-a677dddeb6c9}</UniqueIdentifier>
    </Filter>
    <Filter Include="Game\GameObject">
      <UniqueIdentifier>{f9deb155-1a85-47c1-a424-c1073da86613}</UniqueIdentifier>
    </Filter>
    <Filter Include="Game\CollsionManager">
      <UniqueIdentifier>{a4fa7639-348b-437a-aadb-eebace9c4dcf}</UniqueIdentifier>
    </Filter>
    <Filter Include="Game\Common">
      <UniqueIdentifier>{b24820ea-9bdf-4bb6-bb58-a43386d3e661}</UniqueIdentifier>
    </Filter>
    <Filter Include="Game\Renderer">
      <UniqueIdentifier>{adad8435-81bf-4d1a-96fd-3dd0b57eedf7}</UniqueIdentifier>
    </Filter>
    <Filter Include="Game\GameObject\Player">
      <UniqueIdentifier>{354947cc-107b-46c0-a892-008eaa1ac21c}</UniqueIdentifier>
    </Filter>
    <Filter Include="Game\State">
      <UniqueIdentifier>{f9066145-8684-4407-a536-7a639b9f95f6}</UniqueIdentifier>
    </Filter>
    <Filter Include="Game\State\PlayerState">
      <UniqueIdentifier>{3787f6e5-d405-40fc-b105-d13a8c1f3835}</UniqueIdentifier>
    </Filter>
    <Filter Include="Game\Component\Collider">
      <UniqueIdentifier>{cadfcd69-48fa-442a-8853-6cb1cdc59f31}</UniqueIdentifier>
    </Filter>
    <Filter Include="Game\GameObject\Enemy">
      <UniqueIdentifier>{30491c6b-0a55-47f8-9ed7-a1935ba43089}</UniqueIdentifier>
    </Filter>
    <Filter Include="Game\State\EnemyState">
      <UniqueIdentifier>{76140965-af0e-4dd0-9e16-e87cdba8bdd8}</UniqueIdentifier>
    </Filter>
  </ItemGroup>
  <ItemGroup>
    <ClInclude Include="pch.h" />
    <ClInclude Include="Game.h" />
    <ClInclude Include="StepTimer.h">
      <Filter>Common</Filter>
    </ClInclude>
    <ClInclude Include="DeviceResources.h">
      <Filter>Common</Filter>
    </ClInclude>
    <ClInclude Include="Game\Component\Collider.h">
      <Filter>Game\Component</Filter>
    </ClInclude>
    <ClInclude Include="Game\Component\Component.h">
      <Filter>Game\Component</Filter>
    </ClInclude>
    <ClInclude Include="Game\Component\RigidBody.h">
      <Filter>Game\Component</Filter>
    </ClInclude>
    <ClInclude Include="Game\Component\Transform.h">
      <Filter>Game\Component</Filter>
    </ClInclude>
    <ClInclude Include="Game\Scene\Scene.h">
      <Filter>Game\Scene</Filter>
    </ClInclude>
    <ClInclude Include="Game\Scene\SceneManager.h">
      <Filter>Game\Scene</Filter>
    </ClInclude>
    <ClInclude Include="Game\ResourceManager\ModelManager.h">
      <Filter>Game\ResourceManager</Filter>
    </ClInclude>
    <ClInclude Include="Game\ResourceManager\ResourceManager.h">
      <Filter>Game\ResourceManager</Filter>
    </ClInclude>
    <ClInclude Include="Game\GameObject\GameObject.h">
      <Filter>Game\GameObject</Filter>
    </ClInclude>
    <ClInclude Include="Game\Scene\GameScene.h">
      <Filter>Game\Scene</Filter>
    </ClInclude>
    <ClInclude Include="Game\CollisionManager\Collision.h">
      <Filter>Game\CollsionManager</Filter>
    </ClInclude>
    <ClInclude Include="Game\GameObject\Ball.h">
      <Filter>Game\GameObject</Filter>
    </ClInclude>
    <ClInclude Include="Game\Common\Camera.h">
      <Filter>Game\Common</Filter>
    </ClInclude>
    <ClInclude Include="Game\GameObject\Floor.h">
      <Filter>Game\GameObject</Filter>
    </ClInclude>
    <ClInclude Include="Game\Common\CommonResources.h">
      <Filter>Game\Common</Filter>
    </ClInclude>
    <ClInclude Include="Game\Common\InputSystem.h">
      <Filter>Game\Common</Filter>
    </ClInclude>
    <ClInclude Include="Game\Renderer\PrimitiveRendererManager.h">
      <Filter>Game\Renderer</Filter>
    </ClInclude>
    <ClInclude Include="Game\Common\TimeManager.h">
      <Filter>Game\Common</Filter>
    </ClInclude>
    <ClInclude Include="Game\Component\ModelRenderer.h">
      <Filter>Game\Component</Filter>
    </ClInclude>
    <ClInclude Include="Game\Renderer\ModelRendererManager.h">
      <Filter>Game\Renderer</Filter>
    </ClInclude>
    <ClInclude Include="Game\State\StateBase.h">
      <Filter>Game\State</Filter>
    </ClInclude>
    <ClInclude Include="Game\State\StateMachine.h">
      <Filter>Game\State</Filter>
    </ClInclude>
    <ClInclude Include="Game\GameObject\Player\Player.h">
      <Filter>Game\GameObject\Player</Filter>
    </ClInclude>
    <ClInclude Include="Game\State\Player\PlayerMoveState.h">
      <Filter>Game\State\PlayerState</Filter>
    </ClInclude>
    <ClInclude Include="Game\State\Player\PlayerJumpState.h">
      <Filter>Game\State\PlayerState</Filter>
    </ClInclude>
    <ClInclude Include="Game\CollisionManager\CollisionLayerMask.h">
      <Filter>Game\CollsionManager</Filter>
    </ClInclude>
    <ClInclude Include="Game\CollisionManager\CollisionManager.h">
      <Filter>Game\CollsionManager</Filter>
    </ClInclude>
    <ClInclude Include="Game\Component\Collider\Sphere.h">
      <Filter>Game\Component\Collider</Filter>
    </ClInclude>
    <ClInclude Include="Game\Component\Collider\Plane.h">
      <Filter>Game\Component\Collider</Filter>
    </ClInclude>
    <ClInclude Include="Game\Component\Collider\Triangle.h">
      <Filter>Game\Component\Collider</Filter>
    </ClInclude>
    <ClInclude Include="Game\Component\Collider\Segment.h">
      <Filter>Game\Component\Collider</Filter>
    </ClInclude>
    <ClInclude Include="Game\Component\Collider\Mesh.h">
      <Filter>Game\Component\Collider</Filter>
    </ClInclude>
    <ClInclude Include="Game\CollisionManager\IsCollisionTable.h">
      <Filter>Game\CollsionManager</Filter>
    </ClInclude>
    <ClInclude Include="Game\CollisionManager\ResolveCollisionTable.h">
      <Filter>Game\CollsionManager</Filter>
    </ClInclude>
    <ClInclude Include="Game\GameObject\Enemy\Enemy.h">
      <Filter>Game\GameObject\Enemy</Filter>
    </ClInclude>
    <ClInclude Include="Game\State\Enemy\EnemyWanderState.h">
      <Filter>Game\State\EnemyState</Filter>
    </ClInclude>
    <ClInclude Include="Game\Common\Random.h">
      <Filter>Game\Common</Filter>
    </ClInclude>
    <ClInclude Include="Game\Common\MyMath.h">
      <Filter>Game\Common</Filter>
    </ClInclude>
    <ClInclude Include="Game\State\Player\PlayerAttackState.h">
      <Filter>Game\State\PlayerState</Filter>
    </ClInclude>
  </ItemGroup>
  <ItemGroup>
    <ClCompile Include="pch.cpp" />
    <ClCompile Include="Game.cpp" />
    <ClCompile Include="Main.cpp" />
    <ClCompile Include="DeviceResources.cpp">
      <Filter>Common</Filter>
    </ClCompile>
    <ClCompile Include="Game\Component\Collider.cpp">
      <Filter>Game\Component</Filter>
    </ClCompile>
    <ClCompile Include="Game\Component\RigidBody.cpp">
      <Filter>Game\Component</Filter>
    </ClCompile>
    <ClCompile Include="Game\Component\Transform.cpp">
      <Filter>Game\Component</Filter>
    </ClCompile>
    <ClCompile Include="Game\Scene\Scene.cpp">
      <Filter>Game\Scene</Filter>
    </ClCompile>
    <ClCompile Include="Game\Scene\SceneManager.cpp">
      <Filter>Game\Scene</Filter>
    </ClCompile>
    <ClCompile Include="Game\ResourceManager\ModelManager.cpp">
      <Filter>Game\ResourceManager</Filter>
    </ClCompile>
    <ClCompile Include="Game\ResourceManager\ResourceManager.cpp">
      <Filter>Game\ResourceManager</Filter>
    </ClCompile>
    <ClCompile Include="Game\GameObject\GameObject.cpp">
      <Filter>Game\GameObject</Filter>
    </ClCompile>
    <ClCompile Include="Game\Scene\GameScene.cpp">
      <Filter>Game\Scene</Filter>
    </ClCompile>
    <ClCompile Include="Game\CollisionManager\Collision.cpp">
      <Filter>Game\CollsionManager</Filter>
    </ClCompile>
    <ClCompile Include="Game\GameObject\Ball.cpp">
      <Filter>Game\GameObject</Filter>
    </ClCompile>
    <ClCompile Include="Game\Common\Camera.cpp">
      <Filter>Game\Common</Filter>
    </ClCompile>
    <ClCompile Include="Game\GameObject\Floor.cpp">
      <Filter>Game\GameObject</Filter>
    </ClCompile>
    <ClCompile Include="Game\Common\CommonResources.cpp">
      <Filter>Game\Common</Filter>
    </ClCompile>
    <ClCompile Include="Game\Common\InputSystem.cpp">
      <Filter>Game\Common</Filter>
    </ClCompile>
    <ClCompile Include="Game\Renderer\PrimitiveRendererManager.cpp">
      <Filter>Game\Renderer</Filter>
    </ClCompile>
    <ClCompile Include="Game\Renderer\ModelRendererManager.cpp">
      <Filter>Game\Renderer</Filter>
    </ClCompile>
    <ClCompile Include="Game\Component\ModelRenderer.cpp">
      <Filter>Game\Component</Filter>
    </ClCompile>
    <ClCompile Include="Game\GameObject\Player\Player.cpp">
      <Filter>Game\GameObject\Player</Filter>
    </ClCompile>
    <ClCompile Include="Game\Component\Collider\Sphere.cpp">
      <Filter>Game\Component\Collider</Filter>
    </ClCompile>
    <ClCompile Include="Game\Component\Collider\Plane.cpp">
      <Filter>Game\Component\Collider</Filter>
    </ClCompile>
    <ClCompile Include="Game\Component\Collider\Segment.cpp">
      <Filter>Game\Component\Collider</Filter>
    </ClCompile>
    <ClCompile Include="Game\Component\Collider\Triangle.cpp">
      <Filter>Game\Component\Collider</Filter>
    </ClCompile>
    <ClCompile Include="Game\Component\Collider\Mesh.cpp">
      <Filter>Game\Component\Collider</Filter>
    </ClCompile>
    <ClCompile Include="Game\State\Player\PlayerJumpState.cpp">
      <Filter>Game\State\PlayerState</Filter>
    </ClCompile>
    <ClCompile Include="Game\State\Player\PlayerMoveState.cpp">
      <Filter>Game\State\PlayerState</Filter>
    </ClCompile>
    <ClCompile Include="Game\GameObject\Enemy\Enemy.cpp">
      <Filter>Game\GameObject\Enemy</Filter>
    </ClCompile>
    <ClCompile Include="Game\CollisionManager\ResolveCollisionTable.cpp">
      <Filter>Game\CollsionManager</Filter>
    </ClCompile>
    <ClCompile Include="Game\State\Enemy\EnemyWanderState.cpp">
      <Filter>Game\State\EnemyState</Filter>
    </ClCompile>
    <ClCompile Include="Game\CollisionManager\CollisionManager.cpp">
      <Filter>Game\CollsionManager</Filter>
    </ClCompile>
    <ClCompile Include="Game\CollisionManager\IsCollisionTable.cpp">
      <Filter>Game\CollsionManager</Filter>
    </ClCompile>
    <ClCompile Include="Game\State\Player\PlayerAttackState.cpp">
      <Filter>Game\State\PlayerState</Filter>
    </ClCompile>
  </ItemGroup>
  <ItemGroup>
    <ResourceCompile Include="resource.rc" />
  </ItemGroup>
  <ItemGroup>
    <Image Include="directx.ico">
      <Filter>Assets</Filter>
    </Image>
  </ItemGroup>
  <ItemGroup>
    <Manifest Include="settings.manifest">
      <Filter>Assets</Filter>
    </Manifest>
  </ItemGroup>
  <ItemGroup>
    <None Include="packages.config" />
    <None Include="ClassDiagram.cd" />
  </ItemGroup>
</Project>